{
  "name": "@fahmiiihb/adi-id",
  "version": "1.0.0",
  "lockfileVersion": 3,
  "requires": true,
  "packages": {
    "": {
      "name": "@fahmiiihb/adi-id",
      "version": "1.0.0",
      "license": "ISC",
      "dependencies": {
        "adi-id": "^1.0.0"
      },
      "devDependencies": {}
    },
    "node_modules/adi-id": {
      "version": "1.0.0",
      "resolved": "https://registry.npmjs.org/adi-id/-/adi-id-1.0.0.tgz",
      "integrity": "sha512-Qp2kncHpbk2esiXdtiPlYzfGosuoMb+sgDy6XkFuyz7qq2ofiRzIdCvsGsEo4rxIstx7BK2WK+NlcMOv4pJruw=="
    }
  }
}
